# This file is automatically @generated by Cargo.
# It is not intended for manual editing.
version = 4

[[package]]
name = "post-quantum-core"
version = "0.1.0"
dependencies = [
 "post-quantum-platform",
]

[[package]]
name = "post-quantum-platform"
version = "0.1.0"

[[package]]
name = "post-quantum-timing"
version = "0.0.0"
dependencies = [
 "post-quantum-core",
 "post-quantum-platform",
]
