{
  "name": "post-quantum",
  "version": "1.0.0",
  "lockfileVersion": 3,
  "requires": true,
  "packages": {
    "": {
      "name": "post-quantum",
      "version": "1.0.0",
      "engines": {
        "node": "^22.0.0 || ^24.0.0"
      },
      "optionalDependencies": {
        "post-quantum-darwin-arm64": "1.0.0",
        "post-quantum-darwin-x64": "1.0.0",
        "post-quantum-linux-arm64-gnu": "1.0.0",
        "post-quantum-linux-arm64-musl": "1.0.0",
        "post-quantum-linux-x64-gnu": "1.0.0",
        "post-quantum-linux-x64-musl": "1.0.0",
        "post-quantum-win32-x64-msvc": "1.0.0"
      }
    }
  }
}
